
Microsoft Visual Studio Solution File, Format Version 12.00
# Visual Studio Version 17
VisualStudioVersion = 17.7.34031.279
MinimumVisualStudioVersion = 10.0.40219.1
Project("{FAE04EC0-301F-11D3-BF4B-00C04F79EFBC}") = "kijkgitlol", "kijkgitlol\kijkgitlol.csproj", "{C95DF3D7-736A-47C7-AED4-FF61D3E44ED8}"
EndProject
Global
	GlobalSection(SolutionConfigurationPlatforms) = preSolution
		Debug|Any CPU = Debug|Any CPU
		Release|Any CPU = Release|Any CPU
	EndGlobalSection
	GlobalSection(ProjectConfigurationPlatforms) = postSolution
		{C95DF3D7-736A-47C7-AED4-FF61D3E44ED8}.Debug|Any CPU.ActiveCfg = Debug|Any CPU
		{C95DF3D7-736A-47C7-AED4-FF61D3E44ED8}.Debug|Any CPU.Build.0 = Debug|Any CPU
		{C95DF3D7-736A-47C7-AED4-FF61D3E44ED8}.Release|Any CPU.ActiveCfg = Release|Any CPU
		{C95DF3D7-736A-47C7-AED4-FF61D3E44ED8}.Release|Any CPU.Build.0 = Release|Any CPU
	EndGlobalSection
	GlobalSection(SolutionProperties) = preSolution
		HideSolutionNode = FALSE
	EndGlobalSection
	GlobalSection(ExtensibilityGlobals) = postSolution
		SolutionGuid = {2EB337AE-50D8-49E8-B7DA-A496550BC42A}
	EndGlobalSection
EndGlobal
